// !$*UTF8*$!
{
	archiveVersion = 1;
	classes = {
	};
	objectVersion = 48;
	objects = {

/* Begin PBXBuildFile section */
		B0C87BDC202903D30000D3E4 /* AppDelegate.swift in Sources */ = {isa = PBXBuildFile; fileRef = B0C87BDB202903D30000D3E4 /* AppDelegate.swift */; };
		B0C87BDE202903D30000D3E4 /* ViewController.swift in Sources */ = {isa = PBXBuildFile; fileRef = B0C87BDD202903D30000D3E4 /* ViewController.swift */; };
		B0C87BE1202903D30000D3E4 /* Main.storyboard in Resources */ = {isa = PBXBuildFile; fileRef = B0C87BDF202903D30000D3E4 /* Main.storyboard */; };
		B0C87BE3202903D30000D3E4 /* Assets.xcassets in Resources */ = {isa = PBXBuildFile; fileRef = B0C87BE2202903D30000D3E4 /* Assets.xcassets */; };
		B0C87BE6202903D30000D3E4 /* LaunchScreen.storyboard in Resources */ = {isa = PBXBuildFile; fileRef = B0C87BE4202903D30000D3E4 /* LaunchScreen.storyboard */; };
		D0FC414913E4E804CEF4E136 /* Pods_InterstitialAdTest.framework in Frameworks */ = {isa = PBXBuildFile; fileRef = 5C4395E5C37B9B0362163436 /* Pods_InterstitialAdTest.framework */; };
/* End PBXBuildFile section */

/* Begin PBXFileReference section */
		5C4395E5C37B9B0362163436 /* Pods_InterstitialAdTest.framework */ = {isa = PBXFileReference; explicitFileType = wrapper.framework; includeInIndex = 0; path = Pods_InterstitialAdTest.framework; sourceTree = BUILT_PRODUCTS_DIR; };
		A4CD2AAD025C0DC2CBD934AF /* Pods-InterstitialAdTest.release.xcconfig */ = {isa = PBXFileReference; includeInIndex = 1; lastKnownFileType = text.xcconfig; name = "Pods-InterstitialAdTest.release.xcconfig"; path = "Pods/Target Support Files/Pods-InterstitialAdTest/Pods-InterstitialAdTest.release.xcconfig"; sourceTree = "<group>"; };
		A8CC14C251643513D3A8EEA2 /* Pods-InterstitialAdTest.debug.xcconfig */ = {isa = PBXFileReference; includeInIndex = 1; lastKnownFileType = text.xcconfig; name = "Pods-InterstitialAdTest.debug.xcconfig"; path = "Pods/Target Support Files/Pods-InterstitialAdTest/Pods-InterstitialAdTest.debug.xcconfig"; sourceTree = "<group>"; };
		B0C87BD8202903D30000D3E4 /* InterstitialAdTest.app */ = {isa = PBXFileReference; explicitFileType = wrapper.application; includeInIndex = 0; path = InterstitialAdTest.app; sourceTree = BUILT_PRODUCTS_DIR; };
		B0C87BDB202903D30000D3E4 /* AppDelegate.swift */ = {isa = PBXFileReference; lastKnownFileType = sourcecode.swift; path = AppDelegate.swift; sourceTree = "<group>"; };
		B0C87BDD202903D30000D3E4 /* ViewController.swift */ = {isa = PBXFileReference; lastKnownFileType = sourcecode.swift; path = ViewController.swift; sourceTree = "<group>"; };
		B0C87BE0202903D30000D3E4 /* Base */ = {isa = PBXFileReference; lastKnownFileType = file.storyboard; name = Base; path = Base.lproj/Main.storyboard; sourceTree = "<group>"; };
		B0C87BE2202903D30000D3E4 /* Assets.xcassets */ = {isa = PBXFileReference; lastKnownFileType = folder.assetcatalog; path = Assets.xcassets; sourceTree = "<group>"; };
		B0C87BE5202903D30000D3E4 /* Base */ = {isa = PBXFileReference; lastKnownFileType = file.storyboard; name = Base; path = Base.lproj/LaunchScreen.storyboard; sourceTree = "<group>"; };
		B0C87BE7202903D30000D3E4 /* Info.plist */ = {isa = PBXFileReference; lastKnownFileType = text.plist.xml; path = Info.plist; sourceTree = "<group>"; };
/* End PBXFileReference section */

/* Begin PBXFrameworksBuildPhase section */
		B0C87BD5202903D30000D3E4 /* Frameworks */ = {
			isa = PBXFrameworksBuildPhase;
			buildActionMask = 2147483647;
			files = (
				D0FC414913E4E804CEF4E136 /* Pods_InterstitialAdTest.framework in Frameworks */,
			);
			runOnlyForDeploymentPostprocessing = 0;
		};
/* End PBXFrameworksBuildPhase section */

/* Begin PBXGroup section */
		101BD465D0CA24E55379EDF5 /* Pods */ = {
			isa = PBXGroup;
			children = (
				A8CC14C251643513D3A8EEA2 /* Pods-InterstitialAdTest.debug.xcconfig */,
				A4CD2AAD025C0DC2CBD934AF /* Pods-InterstitialAdTest.release.xcconfig */,
			);
			name = Pods;
			sourceTree = "<group>";
		};
		3963D494AEB37F12808E214F /* Frameworks */ = {
			isa = PBXGroup;
			children = (
				5C4395E5C37B9B0362163436 /* Pods_InterstitialAdTest.framework */,
			);
			name = Frameworks;
			sourceTree = "<group>";
		};
		B0C87BCF202903D30000D3E4 = {
			isa = PBXGroup;
			children = (
				B0C87BDA202903D30000D3E4 /* InterstitialAdTest */,
				B0C87BD9202903D30000D3E4 /* Products */,
				101BD465D0CA24E55379EDF5 /* Pods */,
				3963D494AEB37F12808E214F /* Frameworks */,
			);
			sourceTree = "<group>";
		};
		B0C87BD9202903D30000D3E4 /* Products */ = {
			isa = PBXGroup;
			children = (
				B0C87BD8202903D30000D3E4 /* InterstitialAdTest.app */,
			);
			name = Products;
			sourceTree = "<group>";
		};
		B0C87BDA202903D30000D3E4 /* InterstitialAdTest */ = {
			isa = PBXGroup;
			children = (
				B0C87BDB202903D30000D3E4 /* AppDelegate.swift */,
				B0C87BDD202903D30000D3E4 /* ViewController.swift */,
				B0C87BDF202903D30000D3E4 /* Main.storyboard */,
				B0C87BE2202903D30000D3E4 /* Assets.xcassets */,
				B0C87BE4202903D30000D3E4 /* LaunchScreen.storyboard */,
				B0C87BE7202903D30000D3E4 /* Info.plist */,
			);
			path = InterstitialAdTest;
			sourceTree = "<group>";
		};
/* End PBXGroup section */

/* Begin PBXNativeTarget section */
		B0C87BD7202903D30000D3E4 /* InterstitialAdTest */ = {
			isa = PBXNativeTarget;
			buildConfigurationList = B0C87BEA202903D30000D3E4 /* Build configuration list for PBXNativeTarget "InterstitialAdTest" */;
			buildPhases = (
				D22073A9ECF8362BD5AC2CE3 /* [CP] Check Pods Manifest.lock */,
				B0C87BD4202903D30000D3E4 /* Sources */,
				B0C87BD5202903D30000D3E4 /* Frameworks */,
				B0C87BD6202903D30000D3E4 /* Resources */,
				D836306194E2186CEA1C094A /* [CP] Embed Pods Frameworks */,
				91E6FF8E7252DCA5F2DF68E0 /* [CP] Copy Pods Resources */,
			);
			buildRules = (
			);
			dependencies = (
			);
			name = InterstitialAdTest;
			productName = InterstitialAdTest;
			productReference = B0C87BD8202903D30000D3E4 /* InterstitialAdTest.app */;
			productType = "com.apple.product-type.application";
		};
/* End PBXNativeTarget section */

/* Begin PBXProject section */
		B0C87BD0202903D30000D3E4 /* Project object */ = {
			isa = PBXProject;
			attributes = {
				LastSwiftUpdateCheck = 0920;
				LastUpgradeCheck = 0920;
				ORGANIZATIONNAME = "Tim Beals";
				TargetAttributes = {
					B0C87BD7202903D30000D3E4 = {
						CreatedOnToolsVersion = 9.2;
						ProvisioningStyle = Automatic;
					};
				};
			};
			buildConfigurationList = B0C87BD3202903D30000D3E4 /* Build configuration list for PBXProject "InterstitialAdTest" */;
			compatibilityVersion = "Xcode 8.0";
			developmentRegion = en;
			hasScannedForEncodings = 0;
			knownRegions = (
				en,
				Base,
			);
			mainGroup = B0C87BCF202903D30000D3E4;
			productRefGroup = B0C87BD9202903D30000D3E4 /* Products */;
			projectDirPath = "";
			projectRoot = "";
			targets = (
				B0C87BD7202903D30000D3E4 /* InterstitialAdTest */,
			);
		};
/* End PBXProject section */

/* Begin PBXResourcesBuildPhase section */
		B0C87BD6202903D30000D3E4 /* Resources */ = {
			isa = PBXResourcesBuildPhase;
			buildActionMask = 2147483647;
			files = (
				B0C87BE6202903D30000D3E4 /* LaunchScreen.storyboard in Resources */,
				B0C87BE3202903D30000D3E4 /* Assets.xcassets in Resources */,
				B0C87BE1202903D30000D3E4 /* Main.storyboard in Resources */,
			);
			runOnlyForDeploymentPostprocessing = 0;
		};
/* End PBXResourcesBuildPhase section */

/* Begin PBXShellScriptBuildPhase section */
		91E6FF8E7252DCA5F2DF68E0 /* [CP] Copy Pods Resources */ = {
			isa = PBXShellScriptBuildPhase;
			buildActionMask = 2147483647;
			files = (
			);
			inputPaths = (
			);
			name = "[CP] Copy Pods Resources";
			outputPaths = (
			);
			runOnlyForDeploymentPostprocessing = 0;
			shellPath = /bin/sh;
			shellScript = "\"${SRCROOT}/Pods/Target Support Files/Pods-InterstitialAdTest/Pods-InterstitialAdTest-resources.sh\"\n";
			showEnvVarsInLog = 0;
		};
		D22073A9ECF8362BD5AC2CE3 /* [CP] Check Pods Manifest.lock */ = {
			isa = PBXShellScriptBuildPhase;
			buildActionMask = 2147483647;
			files = (
			);
			inputPaths = (
				"${PODS_PODFILE_DIR_PATH}/Podfile.lock",
				"${PODS_ROOT}/Manifest.lock",
			);
			name = "[CP] Check Pods Manifest.lock";
			outputPaths = (
				"$(DERIVED_FILE_DIR)/Pods-InterstitialAdTest-checkManifestLockResult.txt",
			);
			runOnlyForDeploymentPostprocessing = 0;
			shellPath = /bin/sh;
			shellScript = "diff \"${PODS_PODFILE_DIR_PATH}/Podfile.lock\" \"${PODS_ROOT}/Manifest.lock\" > /dev/null\nif [ $? != 0 ] ; then\n    # print error to STDERR\n    echo \"error: The sandbox is not in sync with the Podfile.lock. Run 'pod install' or update your CocoaPods installation.\" >&2\n    exit 1\nfi\n# This output is used by Xcode 'outputs' to avoid re-running this script phase.\necho \"SUCCESS\" > \"${SCRIPT_OUTPUT_FILE_0}\"\n";
			showEnvVarsInLog = 0;
		};
		D836306194E2186CEA1C094A /* [CP] Embed Pods Frameworks */ = {
			isa = PBXShellScriptBuildPhase;
			buildActionMask = 2147483647;
			files = (
			);
			inputPaths = (
			);
			name = "[CP] Embed Pods Frameworks";
			outputPaths = (
			);
			runOnlyForDeploymentPostprocessing = 0;
			shellPath = /bin/sh;
			shellScript = "\"${SRCROOT}/Pods/Target Support Files/Pods-InterstitialAdTest/Pods-InterstitialAdTest-frameworks.sh\"\n";
			showEnvVarsInLog = 0;
		};
/* End PBXShellScriptBuildPhase section */

/* Begin PBXSourcesBuildPhase section */
		B0C87BD4202903D30000D3E4 /* Sources */ = {
			isa = PBXSourcesBuildPhase;
			buildActionMask = 2147483647;
			files = (
				B0C87BDE202903D30000D3E4 /* ViewController.swift in Sources */,
				B0C87BDC202903D30000D3E4 /* AppDelegate.swift in Sources */,
			);
			runOnlyForDeploymentPostprocessing = 0;
		};
/* End PBXSourcesBuildPhase section */

/* Begin PBXVariantGroup section */
		B0C87BDF202903D30000D3E4 /* Main.storyboard */ = {
			isa = PBXVariantGroup;
			children = (
				B0C87BE0202903D30000D3E4 /* Base */,
			);
			name = Main.storyboard;
			sourceTree = "<group>";
		};
		B0C87BE4202903D30000D3E4 /* LaunchScreen.storyboard */ = {
			isa = PBXVariantGroup;
			children = (
				B0C87BE5202903D30000D3E4 /* Base */,
			);
			name = LaunchScreen.storyboard;
			sourceTree = "<group>";
		};
/* End PBXVariantGroup section */

/* Begin XCBuildConfiguration section */
		B0C87BE8202903D30000D3E4 /* Debug */ = {
			isa = XCBuildConfiguration;
			buildSettings = {
				ALWAYS_SEARCH_USER_PATHS = NO;
				CLANG_ANALYZER_NONNULL = YES;
				CLANG_ANALYZER_NUMBER_OBJECT_CONVERSION = YES_AGGRESSIVE;
				CLANG_CXX_LANGUAGE_STANDARD = "gnu++14";
				CLANG_CXX_LIBRARY = "libc++";
				CLANG_ENABLE_MODULES = YES;
				CLANG_ENABLE_OBJC_ARC = YES;
				CLANG_WARN_BLOCK_CAPTURE_AUTORELEASING = YES;
				CLANG_WARN_BOOL_CONVERSION = YES;
				CLANG_WARN_COMMA = YES;
				CLANG_WARN_CONSTANT_CONVERSION = YES;
				CLANG_WARN_DIRECT_OBJC_ISA_USAGE = YES_ERROR;
				CLANG_WARN_DOCUMENTATION_COMMENTS = YES;
				CLANG_WARN_EMPTY_BODY = YES;
				CLANG_WARN_ENUM_CONVERSION = YES;
				CLANG_WARN_INFINITE_RECURSION = YES;
				CLANG_WARN_INT_CONVERSION = YES;
				CLANG_WARN_NON_LITERAL_NULL_CONVERSION = YES;
				CLANG_WARN_OBJC_LITERAL_CONVERSION = YES;
				CLANG_WARN_OBJC_ROOT_CLASS = YES_ERROR;
				CLANG_WARN_RANGE_LOOP_ANALYSIS = YES;
				CLANG_WARN_STRICT_PROTOTYPES = YES;
				CLANG_WARN_SUSPICIOUS_MOVE = YES;
				CLANG_WARN_UNGUARDED_AVAILABILITY = YES_AGGRESSIVE;
				CLANG_WARN_UNREACHABLE_CODE = YES;
				CLANG_WARN__DUPLICATE_METHOD_MATCH = YES;
				CODE_SIGN_IDENTITY = "iPhone Developer";
				COPY_PHASE_STRIP = NO;
				DEBUG_INFORMATION_FORMAT = dwarf;
				ENABLE_STRICT_OBJC_MSGSEND = YES;
				ENABLE_TESTABILITY = YES;
				GCC_C_LANGUAGE_STANDARD = gnu11;
				GCC_DYNAMIC_NO_PIC = NO;
				GCC_NO_COMMON_BLOCKS = YES;
				GCC_OPTIMIZATION_LEVEL = 0;
				GCC_PREPROCESSOR_DEFINITIONS = (
					"DEBUG=1",
					"$(inherited)",
				);
				GCC_WARN_64_TO_32_BIT_CONVERSION = YES;
				GCC_WARN_ABOUT_RETURN_TYPE = YES_ERROR;
				GCC_WARN_UNDECLARED_SELECTOR = YES;
				GCC_WARN_UNINITIALIZED_AUTOS = YES_AGGRESSIVE;
				GCC_WARN_UNUSED_FUNCTION = YES;
				GCC_WARN_UNUSED_VARIABLE = YES;
				IPHONEOS_DEPLOYMENT_TARGET = 11.2;
				MTL_ENABLE_DEBUG_INFO = YES;
				ONLY_ACTIVE_ARCH = YES;
				SDKROOT = iphoneos;
				SWIFT_ACTIVE_COMPILATION_CONDITIONS = DEBUG;
				SWIFT_OPTIMIZATION_LEVEL = "-Onone";
			};
			name = Debug;
		};
		B0C87BE9202903D30000D3E4 /* Release */ = {
			isa = XCBuildConfiguration;
			buildSettings = {
				ALWAYS_SEARCH_USER_PATHS = NO;
				CLANG_ANALYZER_NONNULL = YES;
				CLANG_ANALYZER_NUMBER_OBJECT_CONVERSION = YES_AGGRESSIVE;
				CLANG_CXX_LANGUAGE_STANDARD = "gnu++14";
				CLANG_CXX_LIBRARY = "libc++";
				CLANG_ENABLE_MODULES = YES;
				CLANG_ENABLE_OBJC_ARC = YES;
				CLANG_WARN_BLOCK_CAPTURE_AUTORELEASING = YES;
				CLANG_WARN_BOOL_CONVERSION = YES;
				CLANG_WARN_COMMA = YES;
				CLANG_WARN_CONSTANT_CONVERSION = YES;
				CLANG_WARN_DIRECT_OBJC_ISA_USAGE = YES_ERROR;
				CLANG_WARN_DOCUMENTATION_COMMENTS = YES;
				CLANG_WARN_EMPTY_BODY = YES;
				CLANG_WARN_ENUM_CONVERSION = YES;
				CLANG_WARN_INFINITE_RECURSION = YES;
				CLANG_WARN_INT_CONVERSION = YES;
				CLANG_WARN_NON_LITERAL_NULL_CONVERSION = YES;
				CLANG_WARN_OBJC_LITERAL_CONVERSION = YES;
				CLANG_WARN_OBJC_ROOT_CLASS = YES_ERROR;
				CLANG_WARN_RANGE_LOOP_ANALYSIS = YES;
				CLANG_WARN_STRICT_PROTOTYPES = YES;
				CLANG_WARN_SUSPICIOUS_MOVE = YES;
				CLANG_WARN_UNGUARDED_AVAILABILITY = YES_AGGRESSIVE;
				CLANG_WARN_UNREACHABLE_CODE = YES;
				CLANG_WARN__DUPLICATE_METHOD_MATCH = YES;
				CODE_SIGN_IDENTITY = "iPhone Developer";
				COPY_PHASE_STRIP = NO;
				DEBUG_INFORMATION_FORMAT = "dwarf-with-dsym";
				ENABLE_NS_ASSERTIONS = NO;
				ENABLE_STRICT_OBJC_MSGSEND = YES;
				GCC_C_LANGUAGE_STANDARD = gnu11;
				GCC_NO_COMMON_BLOCKS = YES;
				GCC_WARN_64_TO_32_BIT_CONVERSION = YES;
				GCC_WARN_ABOUT_RETURN_TYPE = YES_ERROR;
				GCC_WARN_UNDECLARED_SELECTOR = YES;
				GCC_WARN_UNINITIALIZED_AUTOS = YES_AGGRESSIVE;
				GCC_WARN_UNUSED_FUNCTION = YES;
				GCC_WARN_UNUSED_VARIABLE = YES;
				IPHONEOS_DEPLOYMENT_TARGET = 11.2;
				MTL_ENABLE_DEBUG_INFO = NO;
				SDKROOT = iphoneos;
				SWIFT_OPTIMIZATION_LEVEL = "-Owholemodule";
				VALIDATE_PRODUCT = YES;
			};
			name = Release;
		};
		B0C87BEB202903D30000D3E4 /* Debug */ = {
			isa = XCBuildConfiguration;
			baseConfigurationReference = A8CC14C251643513D3A8EEA2 /* Pods-InterstitialAdTest.debug.xcconfig */;
			buildSettings = {
				ASSETCATALOG_COMPILER_APPICON_NAME = AppIcon;
				CODE_SIGN_STYLE = Automatic;
				DEVELOPMENT_TEAM = 2733C6P24Y;
				INFOPLIST_FILE = InterstitialAdTest/Info.plist;
				LD_RUNPATH_SEARCH_PATHS = "$(inherited) @executable_path/Frameworks";
				PRODUCT_BUNDLE_IDENTIFIER = timbeals.InterstitialAdTest;
				PRODUCT_NAME = "$(TARGET_NAME)";
				SWIFT_VERSION = 4.0;
				TARGETED_DEVICE_FAMILY = "1,2";
			};
			name = Debug;
		};
		B0C87BEC202903D30000D3E4 /* Release */ = {
			isa = XCBuildConfiguration;
			baseConfigurationReference = A4CD2AAD025C0DC2CBD934AF /* Pods-InterstitialAdTest.release.xcconfig */;
			buildSettings = {
				ASSETCATALOG_COMPILER_APPICON_NAME = AppIcon;
				CODE_SIGN_STYLE = Automatic;
				DEVELOPMENT_TEAM = 2733C6P24Y;
				INFOPLIST_FILE = InterstitialAdTest/Info.plist;
				LD_RUNPATH_SEARCH_PATHS = "$(inherited) @executable_path/Frameworks";
				PRODUCT_BUNDLE_IDENTIFIER = timbeals.InterstitialAdTest;
				PRODUCT_NAME = "$(TARGET_NAME)";
				SWIFT_VERSION = 4.0;
				TARGETED_DEVICE_FAMILY = "1,2";
			};
			name = Release;
		};
/* End XCBuildConfiguration section */

/* Begin XCConfigurationList section */
		B0C87BD3202903D30000D3E4 /* Build configuration list for PBXProject "InterstitialAdTest" */ = {
			isa = XCConfigurationList;
			buildConfigurations = (
				B0C87BE8202903D30000D3E4 /* Debug */,
				B0C87BE9202903D30000D3E4 /* Release */,
			);
			defaultConfigurationIsVisible = 0;
			defaultConfigurationName = Release;
		};
		B0C87BEA202903D30000D3E4 /* Build configuration list for PBXNativeTarget "InterstitialAdTest" */ = {
			isa = XCConfigurationList;
			buildConfigurations = (
				B0C87BEB202903D30000D3E4 /* Debug */,
				B0C87BEC202903D30000D3E4 /* Release */,
			);
			defaultConfigurationIsVisible = 0;
			defaultConfigurationName = Release;
		};
/* End XCConfigurationList section */
	};
	rootObject = B0C87BD0202903D30000D3E4 /* Project object */;
}
